
Microsoft Visual Studio Solution File, Format Version 12.00
# Visual Studio Version 16
VisualStudioVersion = 16.0.30804.86
MinimumVisualStudioVersion = 10.0.40219.1
Project("{9A19103F-16F7-4668-BE54-9A1E7A4F7556}") = "broker-setup", "broker-setup\broker-setup.csproj", "{9FEA5DA0-6D69-4D9A-9787-A2242A1944E5}"
EndProject
Project("{FAE04EC0-301F-11D3-BF4B-00C04F79EFBC}") = "RabbitMQ.Simplify", "RabbitMQ.Simplify\RabbitMQ.Simplify.csproj", "{A23F81E7-666B-471E-B867-A799546E1AD5}"
EndProject
Global
	GlobalSection(SolutionConfigurationPlatforms) = preSolution
		Debug|Any CPU = Debug|Any CPU
		Release|Any CPU = Release|Any CPU
	EndGlobalSection
	GlobalSection(ProjectConfigurationPlatforms) = postSolution
		{9FEA5DA0-6D69-4D9A-9787-A2242A1944E5}.Debug|Any CPU.ActiveCfg = Debug|Any CPU
		{9FEA5DA0-6D69-4D9A-9787-A2242A1944E5}.Debug|Any CPU.Build.0 = Debug|Any CPU
		{9FEA5DA0-6D69-4D9A-9787-A2242A1944E5}.Release|Any CPU.ActiveCfg = Release|Any CPU
		{9FEA5DA0-6D69-4D9A-9787-A2242A1944E5}.Release|Any CPU.Build.0 = Release|Any CPU
		{A23F81E7-666B-471E-B867-A799546E1AD5}.Debug|Any CPU.ActiveCfg = Debug|Any CPU
		{A23F81E7-666B-471E-B867-A799546E1AD5}.Debug|Any CPU.Build.0 = Debug|Any CPU
		{A23F81E7-666B-471E-B867-A799546E1AD5}.Release|Any CPU.ActiveCfg = Release|Any CPU
		{A23F81E7-666B-471E-B867-A799546E1AD5}.Release|Any CPU.Build.0 = Release|Any CPU
	EndGlobalSection
	GlobalSection(SolutionProperties) = preSolution
		HideSolutionNode = FALSE
	EndGlobalSection
	GlobalSection(ExtensibilityGlobals) = postSolution
		SolutionGuid = {D6BD38C6-6870-4033-BECC-7819E8D07286}
	EndGlobalSection
EndGlobal
